
Microsoft Visual Studio Solution File, Format Version 11.00
# Visual Studio 2010
Project("{FAE04EC0-301F-11D3-BF4B-00C04F79EFBC}") = "Tutorials_Roll_a_Ball", "Assembly-CSharp.csproj", "{CBB5EBB1-0C14-DDA5-C469-3F9D1EFA004E}"
EndProject
Global
	GlobalSection(SolutionConfigurationPlatforms) = preSolution
		Debug|Any CPU = Debug|Any CPU
		Release|Any CPU = Release|Any CPU
	EndGlobalSection
	GlobalSection(ProjectConfigurationPlatforms) = postSolution
		{CBB5EBB1-0C14-DDA5-C469-3F9D1EFA004E}.Debug|Any CPU.ActiveCfg = Debug|Any CPU
		{CBB5EBB1-0C14-DDA5-C469-3F9D1EFA004E}.Debug|Any CPU.Build.0 = Debug|Any CPU
		{CBB5EBB1-0C14-DDA5-C469-3F9D1EFA004E}.Release|Any CPU.ActiveCfg = Release|Any CPU
		{CBB5EBB1-0C14-DDA5-C469-3F9D1EFA004E}.Release|Any CPU.Build.0 = Release|Any CPU
	EndGlobalSection
	GlobalSection(SolutionProperties) = preSolution
		HideSolutionNode = FALSE
	EndGlobalSection
	GlobalSection(MonoDevelopProperties) = preSolution
		StartupItem = Assembly-CSharp.csproj
	EndGlobalSection
EndGlobal
